// !$*UTF8*$!
{
	archiveVersion = 1;
	classes = {
	};
	objectVersion = 46;
	objects = {

/* Begin PBXBuildFile section */
		6707F75916C005C400A1D64B /* QBAppDelegate.m in Sources */ = {isa = PBXBuildFile; fileRef = 6707F75516C005C400A1D64B /* QBAppDelegate.m */; };
		6707F75A16C005C400A1D64B /* QBViewDirector.m in Sources */ = {isa = PBXBuildFile; fileRef = 6707F75716C005C400A1D64B /* QBViewDirector.m */; };
		6707F75B16C005C400A1D64B /* QBViewDirector.xib in Resources */ = {isa = PBXBuildFile; fileRef = 6707F75816C005C400A1D64B /* QBViewDirector.xib */; };
		6707F75E16C005F800A1D64B /* ViewManager.m in Sources */ = {isa = PBXBuildFile; fileRef = 6707F75D16C005F800A1D64B /* ViewManager.m */; };
		670F3FD116B7AAD900944126 /* AppDirector.m in Sources */ = {isa = PBXBuildFile; fileRef = 670F3FD016B7AAD900944126 /* AppDirector.m */; };
		670F3FE116B7ACA400944126 /* ViewLayer.m in Sources */ = {isa = PBXBuildFile; fileRef = 670F3FDE16B7ACA400944126 /* ViewLayer.m */; };
		670F3FE416B7AE4000944126 /* ManagedView.m in Sources */ = {isa = PBXBuildFile; fileRef = 670F3FE316B7AE3F00944126 /* ManagedView.m */; };
		670F3FE816B7BCA800944126 /* NSObject+Object.m in Sources */ = {isa = PBXBuildFile; fileRef = 670F3FE716B7BCA800944126 /* NSObject+Object.m */; };
		67100EAE16C0E0A900C99803 /* NSObject+Serialization.m in Sources */ = {isa = PBXBuildFile; fileRef = 67100EAD16C0E0A900C99803 /* NSObject+Serialization.m */; };
		671CA6711702053F00548132 /* UserService.m in Sources */ = {isa = PBXBuildFile; fileRef = 671CA6701702053F00548132 /* UserService.m */; };
		6722309216B83D0600500B9C /* Utilities.m in Sources */ = {isa = PBXBuildFile; fileRef = 6722309116B83D0600500B9C /* Utilities.m */; };
		6722309816B83EAD00500B9C /* Manager.m in Sources */ = {isa = PBXBuildFile; fileRef = 6722309716B83EAD00500B9C /* Manager.m */; };
		6722896B170B3DEC00649318 /* BookService.m in Sources */ = {isa = PBXBuildFile; fileRef = 6722896A170B3DEC00649318 /* BookService.m */; };
		672D81BC16DC85DE00771EBA /* ContentItem_spacer.m in Sources */ = {isa = PBXBuildFile; fileRef = 672D81BA16DC85DD00771EBA /* ContentItem_spacer.m */; };
		672D81BD16DC85DE00771EBA /* ContentItem_spacer.xib in Resources */ = {isa = PBXBuildFile; fileRef = 672D81BB16DC85DE00771EBA /* ContentItem_spacer.xib */; };
		672FCDA816B6C8C30032C81A /* UIKit.framework in Frameworks */ = {isa = PBXBuildFile; fileRef = 672FCDA716B6C8C30032C81A /* UIKit.framework */; };
		672FCDAA16B6C8C30032C81A /* Foundation.framework in Frameworks */ = {isa = PBXBuildFile; fileRef = 672FCDA916B6C8C30032C81A /* Foundation.framework */; };
		672FCDAC16B6C8C30032C81A /* CoreGraphics.framework in Frameworks */ = {isa = PBXBuildFile; fileRef = 672FCDAB16B6C8C30032C81A /* CoreGraphics.framework */; };
		672FCDB216B6C8C30032C81A /* InfoPlist.strings in Resources */ = {isa = PBXBuildFile; fileRef = 672FCDB016B6C8C30032C81A /* InfoPlist.strings */; };
		672FCDB416B6C8C30032C81A /* main.m in Sources */ = {isa = PBXBuildFile; fileRef = 672FCDB316B6C8C30032C81A /* main.m */; };
		672FCDBA16B6C8C30032C81A /* Default.png in Resources */ = {isa = PBXBuildFile; fileRef = 672FCDB916B6C8C30032C81A /* Default.png */; };
		672FCDBC16B6C8C30032C81A /* Default@2x.png in Resources */ = {isa = PBXBuildFile; fileRef = 672FCDBB16B6C8C30032C81A /* Default@2x.png */; };
		672FCDBE16B6C8C30032C81A /* Default-568h@2x.png in Resources */ = {isa = PBXBuildFile; fileRef = 672FCDBD16B6C8C30032C81A /* Default-568h@2x.png */; };
		672FCDC616B6C8C30032C81A /* SenTestingKit.framework in Frameworks */ = {isa = PBXBuildFile; fileRef = 672FCDC516B6C8C30032C81A /* SenTestingKit.framework */; };
		672FCDC716B6C8C30032C81A /* UIKit.framework in Frameworks */ = {isa = PBXBuildFile; fileRef = 672FCDA716B6C8C30032C81A /* UIKit.framework */; };
		672FCDC816B6C8C30032C81A /* Foundation.framework in Frameworks */ = {isa = PBXBuildFile; fileRef = 672FCDA916B6C8C30032C81A /* Foundation.framework */; };
		672FCDD016B6C8C30032C81A /* InfoPlist.strings in Resources */ = {isa = PBXBuildFile; fileRef = 672FCDCE16B6C8C30032C81A /* InfoPlist.strings */; };
		672FCDD316B6C8C30032C81A /* QBTests.m in Sources */ = {isa = PBXBuildFile; fileRef = 672FCDD216B6C8C30032C81A /* QBTests.m */; };
		673F99C7170126F300B3A614 /* OfflineManager.m in Sources */ = {isa = PBXBuildFile; fileRef = 673F99C6170126F300B3A614 /* OfflineManager.m */; };
		674EA0BD16C24159009404F0 /* MainWindow.xib in Resources */ = {isa = PBXBuildFile; fileRef = 674EA0BC16C24159009404F0 /* MainWindow.xib */; };
		6751D7181705F23300570DE6 /* OfflineSupport.m in Sources */ = {isa = PBXBuildFile; fileRef = 6751D7171705F23200570DE6 /* OfflineSupport.m */; };
		676A444416D9F30100EB63D5 /* ContentItem_label.m in Sources */ = {isa = PBXBuildFile; fileRef = 676A444216D9F30000EB63D5 /* ContentItem_label.m */; };
		676A444516D9F30100EB63D5 /* ContentItem_label.xib in Resources */ = {isa = PBXBuildFile; fileRef = 676A444316D9F30100EB63D5 /* ContentItem_label.xib */; };
		676A444916DA01C500EB63D5 /* ContentViewConfig.m in Sources */ = {isa = PBXBuildFile; fileRef = 676A444816DA01C400EB63D5 /* ContentViewConfig.m */; };
		676A444D16DAC1E600EB63D5 /* ContentItem_textField.m in Sources */ = {isa = PBXBuildFile; fileRef = 676A444B16DAC1E500EB63D5 /* ContentItem_textField.m */; };
		676A444E16DAC1E600EB63D5 /* ContentItem_textField.xib in Resources */ = {isa = PBXBuildFile; fileRef = 676A444C16DAC1E600EB63D5 /* ContentItem_textField.xib */; };
		676B6A4E170D44E9004176A2 /* QuoteService.m in Sources */ = {isa = PBXBuildFile; fileRef = 676B6A4D170D44E9004176A2 /* QuoteService.m */; };
		676EFCDB17001C7700FEB73A /* ResourceManager.m in Sources */ = {isa = PBXBuildFile; fileRef = 676EFCDA17001C7700FEB73A /* ResourceManager.m */; };
		676EFCDF17001C8500FEB73A /* JSONKit.m in Sources */ = {isa = PBXBuildFile; fileRef = 676EFCDE17001C8500FEB73A /* JSONKit.m */; };
		676F8CE91700920C00004C89 /* UserManager.json in Resources */ = {isa = PBXBuildFile; fileRef = 676F8CE11700920C00004C89 /* UserManager.json */; };
		676F8CEA1700920C00004C89 /* background_01.jpg in Resources */ = {isa = PBXBuildFile; fileRef = 676F8CE31700920C00004C89 /* background_01.jpg */; };
		676F8CEB1700920C00004C89 /* background_02.jpg in Resources */ = {isa = PBXBuildFile; fileRef = 676F8CE41700920C00004C89 /* background_02.jpg */; };
		676F8CEC1700920C00004C89 /* icon_quoteBook.png in Resources */ = {isa = PBXBuildFile; fileRef = 676F8CE51700920C00004C89 /* icon_quoteBook.png */; };
		676F8CED1700920C00004C89 /* offlineDatabase.json in Resources */ = {isa = PBXBuildFile; fileRef = 676F8CE71700920C00004C89 /* offlineDatabase.json */; };
		676F8CEE1700920C00004C89 /* offlineDatabaseTemplate.json in Resources */ = {isa = PBXBuildFile; fileRef = 676F8CE81700920C00004C89 /* offlineDatabaseTemplate.json */; };
		676F8D051700945500004C89 /* BookManager.m in Sources */ = {isa = PBXBuildFile; fileRef = 676F8CF51700945500004C89 /* BookManager.m */; };
		676F8D061700945500004C89 /* LoadingManager.m in Sources */ = {isa = PBXBuildFile; fileRef = 676F8CF81700945500004C89 /* LoadingManager.m */; };
		676F8D081700945500004C89 /* MenuManager.m in Sources */ = {isa = PBXBuildFile; fileRef = 676F8CFE1700945500004C89 /* MenuManager.m */; };
		676F8D091700945500004C89 /* QuoteManager.m in Sources */ = {isa = PBXBuildFile; fileRef = 676F8D011700945500004C89 /* QuoteManager.m */; };
		676F8D0A1700945500004C89 /* UserManager.m in Sources */ = {isa = PBXBuildFile; fileRef = 676F8D041700945500004C89 /* UserManager.m */; };
		67903B6916D33EF300C634FF /* QBUser.m in Sources */ = {isa = PBXBuildFile; fileRef = 67903B6816D33EF300C634FF /* QBUser.m */; };
		67903B8116D3EC7000C634FF /* QBBook.m in Sources */ = {isa = PBXBuildFile; fileRef = 67903B8016D3EC7000C634FF /* QBBook.m */; };
		67C424AA16D520C200680C7E /* QBQuote.m in Sources */ = {isa = PBXBuildFile; fileRef = 67C424A916D520C200680C7E /* QBQuote.m */; };
		67C4252916D600F100680C7E /* ManagedScrollView.m in Sources */ = {isa = PBXBuildFile; fileRef = 67C4252816D600F100680C7E /* ManagedScrollView.m */; };
		67C4252E16D68B9200680C7E /* ContentItem_button.m in Sources */ = {isa = PBXBuildFile; fileRef = 67C4252C16D68B9100680C7E /* ContentItem_button.m */; };
		67C4252F16D68B9200680C7E /* ContentItem_button.xib in Resources */ = {isa = PBXBuildFile; fileRef = 67C4252D16D68B9200680C7E /* ContentItem_button.xib */; };
		67D81D1F1702CBD4006ECFE8 /* Service.m in Sources */ = {isa = PBXBuildFile; fileRef = 67D81D1E1702CBD4006ECFE8 /* Service.m */; };
		67DA3BA416D276D700F0D0F2 /* ContentView.m in Sources */ = {isa = PBXBuildFile; fileRef = 67DA3BA216D276D700F0D0F2 /* ContentView.m */; };
		67DA3BA516D276D700F0D0F2 /* ContentView.xib in Resources */ = {isa = PBXBuildFile; fileRef = 67DA3BA316D276D700F0D0F2 /* ContentView.xib */; };
		67DDD4AD16E33D5C0014AB47 /* TitleBarView.m in Sources */ = {isa = PBXBuildFile; fileRef = 67DDD4AB16E33D5C0014AB47 /* TitleBarView.m */; };
		67DDD4AE16E33D5C0014AB47 /* TitleBarView.xib in Resources */ = {isa = PBXBuildFile; fileRef = 67DDD4AC16E33D5C0014AB47 /* TitleBarView.xib */; };
		67DDD4B316E33D820014AB47 /* ConfirmActionView.m in Sources */ = {isa = PBXBuildFile; fileRef = 67DDD4B116E33D820014AB47 /* ConfirmActionView.m */; };
		67DDD4B416E33D820014AB47 /* ConfirmActionView.xib in Resources */ = {isa = PBXBuildFile; fileRef = 67DDD4B216E33D820014AB47 /* ConfirmActionView.xib */; };
		67FEEB8E16CA13750091EEDE /* PassthroughView.m in Sources */ = {isa = PBXBuildFile; fileRef = 67FEEB8D16CA13750091EEDE /* PassthroughView.m */; };
		67FEEBEB16CC0E0F0091EEDE /* BackgroundView.m in Sources */ = {isa = PBXBuildFile; fileRef = 67FEEBE916CC0E0F0091EEDE /* BackgroundView.m */; };
		67FEEBEC16CC0E0F0091EEDE /* BackgroundView.xib in Resources */ = {isa = PBXBuildFile; fileRef = 67FEEBEA16CC0E0F0091EEDE /* BackgroundView.xib */; };
/* End PBXBuildFile section */

/* Begin PBXContainerItemProxy section */
		672FCDC916B6C8C30032C81A /* PBXContainerItemProxy */ = {
			isa = PBXContainerItemProxy;
			containerPortal = 672FCD9A16B6C8C30032C81A /* Project object */;
			proxyType = 1;
			remoteGlobalIDString = 672FCDA216B6C8C30032C81A;
			remoteInfo = QB;
		};
/* End PBXContainerItemProxy section */

/* Begin PBXFileReference section */
		6707F75416C005C400A1D64B /* QBAppDelegate.h */ = {isa = PBXFileReference; fileEncoding = 4; lastKnownFileType = sourcecode.c.h; name = QBAppDelegate.h; path = QB/AppDelegate/QBAppDelegate.h; sourceTree = "<group>"; };
		6707F75516C005C400A1D64B /* QBAppDelegate.m */ = {isa = PBXFileReference; fileEncoding = 4; lastKnownFileType = sourcecode.c.objc; name = QBAppDelegate.m; path = QB/AppDelegate/QBAppDelegate.m; sourceTree = "<group>"; };
		6707F75616C005C400A1D64B /* QBViewDirector.h */ = {isa = PBXFileReference; fileEncoding = 4; lastKnownFileType = sourcecode.c.h; name = QBViewDirector.h; path = QB/AppDelegate/QBViewDirector.h; sourceTree = "<group>"; };
		6707F75716C005C400A1D64B /* QBViewDirector.m */ = {isa = PBXFileReference; fileEncoding = 4; lastKnownFileType = sourcecode.c.objc; name = QBViewDirector.m; path = QB/AppDelegate/QBViewDirector.m; sourceTree = "<group>"; };
		6707F75816C005C400A1D64B /* QBViewDirector.xib */ = {isa = PBXFileReference; fileEncoding = 4; lastKnownFileType = file.xib; name = QBViewDirector.xib; path = QB/AppDelegate/QBViewDirector.xib; sourceTree = "<group>"; };
		6707F75C16C005F800A1D64B /* ViewManager.h */ = {isa = PBXFileReference; fileEncoding = 4; lastKnownFileType = sourcecode.c.h; name = ViewManager.h; path = Core/CoreManagers/ViewManager.h; sourceTree = "<group>"; };
		6707F75D16C005F800A1D64B /* ViewManager.m */ = {isa = PBXFileReference; fileEncoding = 4; lastKnownFileType = sourcecode.c.objc; name = ViewManager.m; path = Core/CoreManagers/ViewManager.m; sourceTree = "<group>"; };
		6707F75F16C0072C00A1D64B /* Asserts.h */ = {isa = PBXFileReference; fileEncoding = 4; lastKnownFileType = sourcecode.c.h; name = Asserts.h; path = Core/Base/Asserts.h; sourceTree = "<group>"; };
		670F3FCF16B7AAD900944126 /* AppDirector.h */ = {isa = PBXFileReference; fileEncoding = 4; lastKnownFileType = sourcecode.c.h; name = AppDirector.h; path = Core/AppDirector/AppDirector.h; sourceTree = "<group>"; };
		670F3FD016B7AAD900944126 /* AppDirector.m */ = {isa = PBXFileReference; fileEncoding = 4; lastKnownFileType = sourcecode.c.objc; name = AppDirector.m; path = Core/AppDirector/AppDirector.m; sourceTree = "<group>"; };
		670F3FDD16B7ACA400944126 /* ViewLayer.h */ = {isa = PBXFileReference; fileEncoding = 4; lastKnownFileType = sourcecode.c.h; name = ViewLayer.h; path = Core/Views/ViewLayer.h; sourceTree = "<group>"; };
		670F3FDE16B7ACA400944126 /* ViewLayer.m */ = {isa = PBXFileReference; fileEncoding = 4; lastKnownFileType = sourcecode.c.objc; name = ViewLayer.m; path = Core/Views/ViewLayer.m; sourceTree = "<group>"; };
		670F3FE216B7AE3F00944126 /* ManagedView.h */ = {isa = PBXFileReference; fileEncoding = 4; lastKnownFileType = sourcecode.c.h; name = ManagedView.h; path = Core/Views/ManagedView.h; sourceTree = "<group>"; };
		670F3FE316B7AE3F00944126 /* ManagedView.m */ = {isa = PBXFileReference; fileEncoding = 4; lastKnownFileType = sourcecode.c.objc; name = ManagedView.m; path = Core/Views/ManagedView.m; sourceTree = "<group>"; };
		670F3FE616B7BCA800944126 /* NSObject+Object.h */ = {isa = PBXFileReference; fileEncoding = 4; lastKnownFileType = sourcecode.c.h; name = "NSObject+Object.h"; path = "Core/Base/NSObject+Object.h"; sourceTree = "<group>"; };
		670F3FE716B7BCA800944126 /* NSObject+Object.m */ = {isa = PBXFileReference; fileEncoding = 4; lastKnownFileType = sourcecode.c.objc; name = "NSObject+Object.m"; path = "Core/Base/NSObject+Object.m"; sourceTree = "<group>"; };
		670F3FEA16B8374A00944126 /* Core.h */ = {isa = PBXFileReference; fileEncoding = 4; lastKnownFileType = sourcecode.c.h; name = Core.h; path = Core/Core.h; sourceTree = "<group>"; };
		670F3FEB16B837B300944126 /* Base.h */ = {isa = PBXFileReference; fileEncoding = 4; lastKnownFileType = sourcecode.c.h; name = Base.h; path = Core/Base/Base.h; sourceTree = "<group>"; };
		67100EAC16C0E0A900C99803 /* NSObject+Serialization.h */ = {isa = PBXFileReference; fileEncoding = 4; lastKnownFileType = sourcecode.c.h; name = "NSObject+Serialization.h"; path = "Core/Base/NSObject+Serialization.h"; sourceTree = "<group>"; };
		67100EAD16C0E0A900C99803 /* NSObject+Serialization.m */ = {isa = PBXFileReference; fileEncoding = 4; lastKnownFileType = sourcecode.c.objc; name = "NSObject+Serialization.m"; path = "Core/Base/NSObject+Serialization.m"; sourceTree = "<group>"; };
		671CA66F1702053F00548132 /* UserService.h */ = {isa = PBXFileReference; fileEncoding = 4; lastKnownFileType = sourcecode.c.h; name = UserService.h; path = QB/Services/User/UserService.h; sourceTree = "<group>"; };
		671CA6701702053F00548132 /* UserService.m */ = {isa = PBXFileReference; fileEncoding = 4; lastKnownFileType = sourcecode.c.objc; name = UserService.m; path = QB/Services/User/UserService.m; sourceTree = "<group>"; };
		6722309116B83D0600500B9C /* Utilities.m */ = {isa = PBXFileReference; fileEncoding = 4; lastKnownFileType = sourcecode.c.objc; name = Utilities.m; path = Core/Base/Utilities.m; sourceTree = "<group>"; };
		6722309416B83D1A00500B9C /* Utilities.h */ = {isa = PBXFileReference; fileEncoding = 4; lastKnownFileType = sourcecode.c.h; name = Utilities.h; path = Core/Base/Utilities.h; sourceTree = "<group>"; };
		6722309616B83EAD00500B9C /* Manager.h */ = {isa = PBXFileReference; fileEncoding = 4; lastKnownFileType = sourcecode.c.h; name = Manager.h; path = Core/Manager/Manager.h; sourceTree = "<group>"; };
		6722309716B83EAD00500B9C /* Manager.m */ = {isa = PBXFileReference; fileEncoding = 4; lastKnownFileType = sourcecode.c.objc; name = Manager.m; path = Core/Manager/Manager.m; sourceTree = "<group>"; };
		67228969170B3DEC00649318 /* BookService.h */ = {isa = PBXFileReference; fileEncoding = 4; lastKnownFileType = sourcecode.c.h; name = BookService.h; path = QB/Services/Book/BookService.h; sourceTree = "<group>"; };
		6722896A170B3DEC00649318 /* BookService.m */ = {isa = PBXFileReference; fileEncoding = 4; lastKnownFileType = sourcecode.c.objc; name = BookService.m; path = QB/Services/Book/BookService.m; sourceTree = "<group>"; };
		672D81B916DC85DC00771EBA /* ContentItem_spacer.h */ = {isa = PBXFileReference; fileEncoding = 4; lastKnownFileType = sourcecode.c.h; name = ContentItem_spacer.h; path = QB/UI/Content/ContentItem_spacer.h; sourceTree = "<group>"; };
		672D81BA16DC85DD00771EBA /* ContentItem_spacer.m */ = {isa = PBXFileReference; fileEncoding = 4; lastKnownFileType = sourcecode.c.objc; name = ContentItem_spacer.m; path = QB/UI/Content/ContentItem_spacer.m; sourceTree = "<group>"; };
		672D81BB16DC85DE00771EBA /* ContentItem_spacer.xib */ = {isa = PBXFileReference; fileEncoding = 4; lastKnownFileType = file.xib; name = ContentItem_spacer.xib; path = QB/UI/Content/ContentItem_spacer.xib; sourceTree = "<group>"; };
		672FCDA316B6C8C30032C81A /* QB.app */ = {isa = PBXFileReference; explicitFileType = wrapper.application; includeInIndex = 0; path = QB.app; sourceTree = BUILT_PRODUCTS_DIR; };
		672FCDA716B6C8C30032C81A /* UIKit.framework */ = {isa = PBXFileReference; lastKnownFileType = wrapper.framework; name = UIKit.framework; path = System/Library/Frameworks/UIKit.framework; sourceTree = SDKROOT; };
		672FCDA916B6C8C30032C81A /* Foundation.framework */ = {isa = PBXFileReference; lastKnownFileType = wrapper.framework; name = Foundation.framework; path = System/Library/Frameworks/Foundation.framework; sourceTree = SDKROOT; };
		672FCDAB16B6C8C30032C81A /* CoreGraphics.framework */ = {isa = PBXFileReference; lastKnownFileType = wrapper.framework; name = CoreGraphics.framework; path = System/Library/Frameworks/CoreGraphics.framework; sourceTree = SDKROOT; };
		672FCDAF16B6C8C30032C81A /* QB-Info.plist */ = {isa = PBXFileReference; lastKnownFileType = text.plist.xml; path = "QB-Info.plist"; sourceTree = "<group>"; };
		672FCDB116B6C8C30032C81A /* en */ = {isa = PBXFileReference; lastKnownFileType = text.plist.strings; name = en; path = en.lproj/InfoPlist.strings; sourceTree = "<group>"; };
		672FCDB316B6C8C30032C81A /* main.m */ = {isa = PBXFileReference; lastKnownFileType = sourcecode.c.objc; path = main.m; sourceTree = "<group>"; };
		672FCDB516B6C8C30032C81A /* QB-Prefix.pch */ = {isa = PBXFileReference; lastKnownFileType = sourcecode.c.h; path = "QB-Prefix.pch"; sourceTree = "<group>"; };
		672FCDB916B6C8C30032C81A /* Default.png */ = {isa = PBXFileReference; lastKnownFileType = image.png; path = Default.png; sourceTree = "<group>"; };
		672FCDBB16B6C8C30032C81A /* Default@2x.png */ = {isa = PBXFileReference; lastKnownFileType = image.png; path = "Default@2x.png"; sourceTree = "<group>"; };
		672FCDBD16B6C8C30032C81A /* Default-568h@2x.png */ = {isa = PBXFileReference; lastKnownFileType = image.png; path = "Default-568h@2x.png"; sourceTree = "<group>"; };
		672FCDC416B6C8C30032C81A /* QBTests.octest */ = {isa = PBXFileReference; explicitFileType = wrapper.cfbundle; includeInIndex = 0; path = QBTests.octest; sourceTree = BUILT_PRODUCTS_DIR; };
		672FCDC516B6C8C30032C81A /* SenTestingKit.framework */ = {isa = PBXFileReference; lastKnownFileType = wrapper.framework; name = SenTestingKit.framework; path = Library/Frameworks/SenTestingKit.framework; sourceTree = DEVELOPER_DIR; };
		672FCDCD16B6C8C30032C81A /* QBTests-Info.plist */ = {isa = PBXFileReference; lastKnownFileType = text.plist.xml; path = "QBTests-Info.plist"; sourceTree = "<group>"; };
		672FCDCF16B6C8C30032C81A /* en */ = {isa = PBXFileReference; lastKnownFileType = text.plist.strings; name = en; path = en.lproj/InfoPlist.strings; sourceTree = "<group>"; };
		672FCDD116B6C8C30032C81A /* QBTests.h */ = {isa = PBXFileReference; lastKnownFileType = sourcecode.c.h; path = QBTests.h; sourceTree = "<group>"; };
		672FCDD216B6C8C30032C81A /* QBTests.m */ = {isa = PBXFileReference; lastKnownFileType = sourcecode.c.objc; path = QBTests.m; sourceTree = "<group>"; };
		673F99C5170126F300B3A614 /* OfflineManager.h */ = {isa = PBXFileReference; fileEncoding = 4; lastKnownFileType = sourcecode.c.h; name = OfflineManager.h; path = QB/Managers/Offline/OfflineManager.h; sourceTree = "<group>"; };
		673F99C6170126F300B3A614 /* OfflineManager.m */ = {isa = PBXFileReference; fileEncoding = 4; lastKnownFileType = sourcecode.c.objc; name = OfflineManager.m; path = QB/Managers/Offline/OfflineManager.m; sourceTree = "<group>"; };
		674EA0BC16C24159009404F0 /* MainWindow.xib */ = {isa = PBXFileReference; fileEncoding = 4; lastKnownFileType = file.xib; name = MainWindow.xib; path = QB/AppDelegate/MainWindow.xib; sourceTree = "<group>"; };
		6751D7161705F23200570DE6 /* OfflineSupport.h */ = {isa = PBXFileReference; fileEncoding = 4; lastKnownFileType = sourcecode.c.h; name = OfflineSupport.h; path = QB/Managers/Offline/OfflineSupport.h; sourceTree = "<group>"; };
		6751D7171705F23200570DE6 /* OfflineSupport.m */ = {isa = PBXFileReference; fileEncoding = 4; lastKnownFileType = sourcecode.c.objc; name = OfflineSupport.m; path = QB/Managers/Offline/OfflineSupport.m; sourceTree = "<group>"; };
		676A444116D9F30000EB63D5 /* ContentItem_label.h */ = {isa = PBXFileReference; fileEncoding = 4; lastKnownFileType = sourcecode.c.h; name = ContentItem_label.h; path = QB/UI/Content/ContentItem_label.h; sourceTree = "<group>"; };
		676A444216D9F30000EB63D5 /* ContentItem_label.m */ = {isa = PBXFileReference; fileEncoding = 4; lastKnownFileType = sourcecode.c.objc; name = ContentItem_label.m; path = QB/UI/Content/ContentItem_label.m; sourceTree = "<group>"; };
		676A444316D9F30100EB63D5 /* ContentItem_label.xib */ = {isa = PBXFileReference; fileEncoding = 4; lastKnownFileType = file.xib; name = ContentItem_label.xib; path = QB/UI/Content/ContentItem_label.xib; sourceTree = "<group>"; };
		676A444716DA01C400EB63D5 /* ContentViewConfig.h */ = {isa = PBXFileReference; fileEncoding = 4; lastKnownFileType = sourcecode.c.h; name = ContentViewConfig.h; path = QB/UI/Content/ContentViewConfig.h; sourceTree = "<group>"; };
		676A444816DA01C400EB63D5 /* ContentViewConfig.m */ = {isa = PBXFileReference; fileEncoding = 4; lastKnownFileType = sourcecode.c.objc; name = ContentViewConfig.m; path = QB/UI/Content/ContentViewConfig.m; sourceTree = "<group>"; };
		676A444A16DAC1E500EB63D5 /* ContentItem_textField.h */ = {isa = PBXFileReference; fileEncoding = 4; lastKnownFileType = sourcecode.c.h; name = ContentItem_textField.h; path = QB/UI/Content/ContentItem_textField.h; sourceTree = "<group>"; };
		676A444B16DAC1E500EB63D5 /* ContentItem_textField.m */ = {isa = PBXFileReference; fileEncoding = 4; lastKnownFileType = sourcecode.c.objc; name = ContentItem_textField.m; path = QB/UI/Content/ContentItem_textField.m; sourceTree = "<group>"; };
		676A444C16DAC1E600EB63D5 /* ContentItem_textField.xib */ = {isa = PBXFileReference; fileEncoding = 4; lastKnownFileType = file.xib; name = ContentItem_textField.xib; path = QB/UI/Content/ContentItem_textField.xib; sourceTree = "<group>"; };
		676B6A4C170D44E9004176A2 /* QuoteService.h */ = {isa = PBXFileReference; fileEncoding = 4; lastKnownFileType = sourcecode.c.h; name = QuoteService.h; path = QB/Services/QuoteService/QuoteService.h; sourceTree = "<group>"; };
		676B6A4D170D44E9004176A2 /* QuoteService.m */ = {isa = PBXFileReference; fileEncoding = 4; lastKnownFileType = sourcecode.c.objc; name = QuoteService.m; path = QB/Services/QuoteService/QuoteService.m; sourceTree = "<group>"; };
		676EFCD917001C7700FEB73A /* ResourceManager.h */ = {isa = PBXFileReference; fileEncoding = 4; lastKnownFileType = sourcecode.c.h; name = ResourceManager.h; path = Core/CoreManagers/ResourceManager.h; sourceTree = "<group>"; };
		676EFCDA17001C7700FEB73A /* ResourceManager.m */ = {isa = PBXFileReference; fileEncoding = 4; lastKnownFileType = sourcecode.c.objc; name = ResourceManager.m; path = Core/CoreManagers/ResourceManager.m; sourceTree = "<group>"; };
		676EFCDD17001C8500FEB73A /* JSONKit.h */ = {isa = PBXFileReference; fileEncoding = 4; lastKnownFileType = sourcecode.c.h; path = JSONKit.h; sourceTree = "<group>"; };
		676EFCDE17001C8500FEB73A /* JSONKit.m */ = {isa = PBXFileReference; fileEncoding = 4; lastKnownFileType = sourcecode.c.objc; path = JSONKit.m; sourceTree = "<group>"; };
		676F8CE11700920C00004C89 /* UserManager.json */ = {isa = PBXFileReference; fileEncoding = 4; lastKnownFileType = text.json; path = UserManager.json; sourceTree = "<group>"; };
		676F8CE31700920C00004C89 /* background_01.jpg */ = {isa = PBXFileReference; lastKnownFileType = image.jpeg; path = background_01.jpg; sourceTree = "<group>"; };
		676F8CE41700920C00004C89 /* background_02.jpg */ = {isa = PBXFileReference; lastKnownFileType = image.jpeg; path = background_02.jpg; sourceTree = "<group>"; };
		676F8CE51700920C00004C89 /* icon_quoteBook.png */ = {isa = PBXFileReference; lastKnownFileType = image.png; path = icon_quoteBook.png; sourceTree = "<group>"; };
		676F8CE71700920C00004C89 /* offlineDatabase.json */ = {isa = PBXFileReference; fileEncoding = 4; lastKnownFileType = text.json; path = offlineDatabase.json; sourceTree = "<group>"; };
		676F8CE81700920C00004C89 /* offlineDatabaseTemplate.json */ = {isa = PBXFileReference; fileEncoding = 4; lastKnownFileType = text.json; path = offlineDatabaseTemplate.json; sourceTree = "<group>"; };
		676F8CF41700945500004C89 /* BookManager.h */ = {isa = PBXFileReference; fileEncoding = 4; lastKnownFileType = sourcecode.c.h; path = BookManager.h; sourceTree = "<group>"; };
		676F8CF51700945500004C89 /* BookManager.m */ = {isa = PBXFileReference; fileEncoding = 4; lastKnownFileType = sourcecode.c.objc; path = BookManager.m; sourceTree = "<group>"; };
		676F8CF71700945500004C89 /* LoadingManager.h */ = {isa = PBXFileReference; fileEncoding = 4; lastKnownFileType = sourcecode.c.h; path = LoadingManager.h; sourceTree = "<group>"; };
		676F8CF81700945500004C89 /* LoadingManager.m */ = {isa = PBXFileReference; fileEncoding = 4; lastKnownFileType = sourcecode.c.objc; path = LoadingManager.m; sourceTree = "<group>"; };
		676F8CFD1700945500004C89 /* MenuManager.h */ = {isa = PBXFileReference; fileEncoding = 4; lastKnownFileType = sourcecode.c.h; path = MenuManager.h; sourceTree = "<group>"; };
		676F8CFE1700945500004C89 /* MenuManager.m */ = {isa = PBXFileReference; fileEncoding = 4; lastKnownFileType = sourcecode.c.objc; path = MenuManager.m; sourceTree = "<group>"; };
		676F8D001700945500004C89 /* QuoteManager.h */ = {isa = PBXFileReference; fileEncoding = 4; lastKnownFileType = sourcecode.c.h; path = QuoteManager.h; sourceTree = "<group>"; };
		676F8D011700945500004C89 /* QuoteManager.m */ = {isa = PBXFileReference; fileEncoding = 4; lastKnownFileType = sourcecode.c.objc; path = QuoteManager.m; sourceTree = "<group>"; };
		676F8D031700945500004C89 /* UserManager.h */ = {isa = PBXFileReference; fileEncoding = 4; lastKnownFileType = sourcecode.c.h; path = UserManager.h; sourceTree = "<group>"; };
		676F8D041700945500004C89 /* UserManager.m */ = {isa = PBXFileReference; fileEncoding = 4; lastKnownFileType = sourcecode.c.objc; path = UserManager.m; sourceTree = "<group>"; };
		67903B6716D33EF300C634FF /* QBUser.h */ = {isa = PBXFileReference; fileEncoding = 4; lastKnownFileType = sourcecode.c.h; name = QBUser.h; path = QB/Objects/QBUser.h; sourceTree = "<group>"; };
		67903B6816D33EF300C634FF /* QBUser.m */ = {isa = PBXFileReference; fileEncoding = 4; lastKnownFileType = sourcecode.c.objc; name = QBUser.m; path = QB/Objects/QBUser.m; sourceTree = "<group>"; };
		67903B7F16D3EC7000C634FF /* QBBook.h */ = {isa = PBXFileReference; fileEncoding = 4; lastKnownFileType = sourcecode.c.h; name = QBBook.h; path = QB/Objects/QBBook.h; sourceTree = "<group>"; };
		67903B8016D3EC7000C634FF /* QBBook.m */ = {isa = PBXFileReference; fileEncoding = 4; lastKnownFileType = sourcecode.c.objc; name = QBBook.m; path = QB/Objects/QBBook.m; sourceTree = "<group>"; };
		67C424A816D520C200680C7E /* QBQuote.h */ = {isa = PBXFileReference; fileEncoding = 4; lastKnownFileType = sourcecode.c.h; name = QBQuote.h; path = QB/Objects/QBQuote.h; sourceTree = "<group>"; };
		67C424A916D520C200680C7E /* QBQuote.m */ = {isa = PBXFileReference; fileEncoding = 4; lastKnownFileType = sourcecode.c.objc; name = QBQuote.m; path = QB/Objects/QBQuote.m; sourceTree = "<group>"; };
		67C4252716D600F100680C7E /* ManagedScrollView.h */ = {isa = PBXFileReference; fileEncoding = 4; lastKnownFileType = sourcecode.c.h; name = ManagedScrollView.h; path = Core/Views/ManagedScrollView.h; sourceTree = "<group>"; };
		67C4252816D600F100680C7E /* ManagedScrollView.m */ = {isa = PBXFileReference; fileEncoding = 4; lastKnownFileType = sourcecode.c.objc; name = ManagedScrollView.m; path = Core/Views/ManagedScrollView.m; sourceTree = "<group>"; };
		67C4252B16D68B9100680C7E /* ContentItem_button.h */ = {isa = PBXFileReference; fileEncoding = 4; lastKnownFileType = sourcecode.c.h; name = ContentItem_button.h; path = QB/UI/Content/ContentItem_button.h; sourceTree = "<group>"; };
		67C4252C16D68B9100680C7E /* ContentItem_button.m */ = {isa = PBXFileReference; fileEncoding = 4; lastKnownFileType = sourcecode.c.objc; name = ContentItem_button.m; path = QB/UI/Content/ContentItem_button.m; sourceTree = "<group>"; };
		67C4252D16D68B9200680C7E /* ContentItem_button.xib */ = {isa = PBXFileReference; fileEncoding = 4; lastKnownFileType = file.xib; name = ContentItem_button.xib; path = QB/UI/Content/ContentItem_button.xib; sourceTree = "<group>"; };
		67D81D1D1702CBD4006ECFE8 /* Service.h */ = {isa = PBXFileReference; fileEncoding = 4; lastKnownFileType = sourcecode.c.h; name = Service.h; path = Core/Service/Service.h; sourceTree = "<group>"; };
		67D81D1E1702CBD4006ECFE8 /* Service.m */ = {isa = PBXFileReference; fileEncoding = 4; lastKnownFileType = sourcecode.c.objc; name = Service.m; path = Core/Service/Service.m; sourceTree = "<group>"; };
		67D81D2017034E5B006ECFE8 /* QBService.h */ = {isa = PBXFileReference; fileEncoding = 4; lastKnownFileType = sourcecode.c.h; name = QBService.h; path = QB/Services/QBService.h; sourceTree = "<group>"; };
		67DA3BA116D276D700F0D0F2 /* ContentView.h */ = {isa = PBXFileReference; fileEncoding = 4; lastKnownFileType = sourcecode.c.h; name = ContentView.h; path = QB/UI/Content/ContentView.h; sourceTree = "<group>"; };
		67DA3BA216D276D700F0D0F2 /* ContentView.m */ = {isa = PBXFileReference; fileEncoding = 4; lastKnownFileType = sourcecode.c.objc; name = ContentView.m; path = QB/UI/Content/ContentView.m; sourceTree = "<group>"; };
		67DA3BA316D276D700F0D0F2 /* ContentView.xib */ = {isa = PBXFileReference; fileEncoding = 4; lastKnownFileType = file.xib; name = ContentView.xib; path = QB/UI/Content/ContentView.xib; sourceTree = "<group>"; };
		67DDD4AA16E33D5C0014AB47 /* TitleBarView.h */ = {isa = PBXFileReference; fileEncoding = 4; lastKnownFileType = sourcecode.c.h; name = TitleBarView.h; path = QB/UI/TitleBar/TitleBarView.h; sourceTree = "<group>"; };
		67DDD4AB16E33D5C0014AB47 /* TitleBarView.m */ = {isa = PBXFileReference; fileEncoding = 4; lastKnownFileType = sourcecode.c.objc; name = TitleBarView.m; path = QB/UI/TitleBar/TitleBarView.m; sourceTree = "<group>"; };
		67DDD4AC16E33D5C0014AB47 /* TitleBarView.xib */ = {isa = PBXFileReference; fileEncoding = 4; lastKnownFileType = file.xib; name = TitleBarView.xib; path = QB/UI/TitleBar/TitleBarView.xib; sourceTree = "<group>"; };
		67DDD4B016E33D820014AB47 /* ConfirmActionView.h */ = {isa = PBXFileReference; fileEncoding = 4; lastKnownFileType = sourcecode.c.h; path = ConfirmActionView.h; sourceTree = "<group>"; };
		67DDD4B116E33D820014AB47 /* ConfirmActionView.m */ = {isa = PBXFileReference; fileEncoding = 4; lastKnownFileType = sourcecode.c.objc; path = ConfirmActionView.m; sourceTree = "<group>"; };
		67DDD4B216E33D820014AB47 /* ConfirmActionView.xib */ = {isa = PBXFileReference; fileEncoding = 4; lastKnownFileType = file.xib; path = ConfirmActionView.xib; sourceTree = "<group>"; };
		67DDD4B616E3417D0014AB47 /* QB.h */ = {isa = PBXFileReference; fileEncoding = 4; lastKnownFileType = sourcecode.c.h; name = QB.h; path = QB/QB.h; sourceTree = "<group>"; };
		67FEEB8C16CA13750091EEDE /* PassthroughView.h */ = {isa = PBXFileReference; fileEncoding = 4; lastKnownFileType = sourcecode.c.h; name = PassthroughView.h; path = Core/Views/PassthroughView.h; sourceTree = "<group>"; };
		67FEEB8D16CA13750091EEDE /* PassthroughView.m */ = {isa = PBXFileReference; fileEncoding = 4; lastKnownFileType = sourcecode.c.objc; name = PassthroughView.m; path = Core/Views/PassthroughView.m; sourceTree = "<group>"; };
		67FEEBE816CC0E0F0091EEDE /* BackgroundView.h */ = {isa = PBXFileReference; fileEncoding = 4; lastKnownFileType = sourcecode.c.h; name = BackgroundView.h; path = QB/UI/Background/BackgroundView.h; sourceTree = "<group>"; };
		67FEEBE916CC0E0F0091EEDE /* BackgroundView.m */ = {isa = PBXFileReference; fileEncoding = 4; lastKnownFileType = sourcecode.c.objc; name = BackgroundView.m; path = QB/UI/Background/BackgroundView.m; sourceTree = "<group>"; };
		67FEEBEA16CC0E0F0091EEDE /* BackgroundView.xib */ = {isa = PBXFileReference; fileEncoding = 4; lastKnownFileType = file.xib; name = BackgroundView.xib; path = QB/UI/Background/BackgroundView.xib; sourceTree = "<group>"; };
/* End PBXFileReference section */

/* Begin PBXFrameworksBuildPhase section */
		672FCDA016B6C8C30032C81A /* Frameworks */ = {
			isa = PBXFrameworksBuildPhase;
			buildActionMask = 2147483647;
			files = (
				672FCDA816B6C8C30032C81A /* UIKit.framework in Frameworks */,
				672FCDAA16B6C8C30032C81A /* Foundation.framework in Frameworks */,
				672FCDAC16B6C8C30032C81A /* CoreGraphics.framework in Frameworks */,
			);
			runOnlyForDeploymentPostprocessing = 0;
		};
		672FCDC016B6C8C30032C81A /* Frameworks */ = {
			isa = PBXFrameworksBuildPhase;
			buildActionMask = 2147483647;
			files = (
				672FCDC616B6C8C30032C81A /* SenTestingKit.framework in Frameworks */,
				672FCDC716B6C8C30032C81A /* UIKit.framework in Frameworks */,
				672FCDC816B6C8C30032C81A /* Foundation.framework in Frameworks */,
			);
			runOnlyForDeploymentPostprocessing = 0;
		};
/* End PBXFrameworksBuildPhase section */

/* Begin PBXGroup section */
		6707F74F16C0043400A1D64B /* AppDelegate */ = {
			isa = PBXGroup;
			children = (
				6707F75416C005C400A1D64B /* QBAppDelegate.h */,
				6707F75516C005C400A1D64B /* QBAppDelegate.m */,
				6707F75616C005C400A1D64B /* QBViewDirector.h */,
				6707F75716C005C400A1D64B /* QBViewDirector.m */,
				6707F75816C005C400A1D64B /* QBViewDirector.xib */,
				674EA0BC16C24159009404F0 /* MainWindow.xib */,
			);
			name = AppDelegate;
			sourceTree = "<group>";
		};
		6707F75116C0044900A1D64B /* Managers */ = {
			isa = PBXGroup;
			children = (
				673F99C3170126D800B3A614 /* Offline */,
				676F8CF31700945500004C89 /* Book */,
				676F8CF61700945500004C89 /* Loading */,
				676F8CFC1700945500004C89 /* Menu */,
				676F8CFF1700945500004C89 /* Quote */,
				676F8D021700945500004C89 /* User */,
			);
			name = Managers;
			sourceTree = "<group>";
		};
		6707F75216C0044E00A1D64B /* UI */ = {
			isa = PBXGroup;
			children = (
				67DDD4AF16E33D820014AB47 /* ConfirmAction */,
				67FEEBE716CC0DD10091EEDE /* Content */,
				67FEEBE616CC0DC30091EEDE /* Background */,
				67FEEBE516CC0DA90091EEDE /* TitleBar */,
			);
			name = UI;
			sourceTree = "<group>";
		};
		6707F75316C004F100A1D64B /* CoreManagers */ = {
			isa = PBXGroup;
			children = (
				676EFCD917001C7700FEB73A /* ResourceManager.h */,
				676EFCDA17001C7700FEB73A /* ResourceManager.m */,
				6707F75C16C005F800A1D64B /* ViewManager.h */,
				6707F75D16C005F800A1D64B /* ViewManager.m */,
			);
			name = CoreManagers;
			sourceTree = "<group>";
		};
		670F3FBE16B7A94300944126 /* Code */ = {
			isa = PBXGroup;
			children = (
				670F3FC016B7A94D00944126 /* QB */,
				670F3FC216B7A9CF00944126 /* Core */,
				672FCDB316B6C8C30032C81A /* main.m */,
			);
			name = Code;
			sourceTree = "<group>";
		};
		670F3FC016B7A94D00944126 /* QB */ = {
			isa = PBXGroup;
			children = (
				67DDD4B616E3417D0014AB47 /* QB.h */,
				67903B6416D33ED400C634FF /* Objects */,
				6707F74F16C0043400A1D64B /* AppDelegate */,
				6707F75116C0044900A1D64B /* Managers */,
				671CA66E1702050500548132 /* Services */,
				6707F75216C0044E00A1D64B /* UI */,
			);
			name = QB;
			sourceTree = "<group>";
		};
		670F3FC116B7A9A500944126 /* Views */ = {
			isa = PBXGroup;
			children = (
				670F3FDD16B7ACA400944126 /* ViewLayer.h */,
				670F3FDE16B7ACA400944126 /* ViewLayer.m */,
				670F3FE216B7AE3F00944126 /* ManagedView.h */,
				670F3FE316B7AE3F00944126 /* ManagedView.m */,
				67FEEB8C16CA13750091EEDE /* PassthroughView.h */,
				67FEEB8D16CA13750091EEDE /* PassthroughView.m */,
				67C4252716D600F100680C7E /* ManagedScrollView.h */,
				67C4252816D600F100680C7E /* ManagedScrollView.m */,
			);
			name = Views;
			sourceTree = "<group>";
		};
		670F3FC216B7A9CF00944126 /* Core */ = {
			isa = PBXGroup;
			children = (
				67D81D1B1702CBB9006ECFE8 /* Service */,
				676EFCDC17001C8500FEB73A /* JSON */,
				6707F75316C004F100A1D64B /* CoreManagers */,
				6722309516B83E8C00500B9C /* Manager */,
				670F3FE516B7BC6D00944126 /* Base */,
				670F3FC316B7A9F300944126 /* AppDirector */,
				670F3FC116B7A9A500944126 /* Views */,
				670F3FEA16B8374A00944126 /* Core.h */,
			);
			name = Core;
			sourceTree = "<group>";
		};
		670F3FC316B7A9F300944126 /* AppDirector */ = {
			isa = PBXGroup;
			children = (
				670F3FCF16B7AAD900944126 /* AppDirector.h */,
				670F3FD016B7AAD900944126 /* AppDirector.m */,
			);
			name = AppDirector;
			sourceTree = "<group>";
		};
		670F3FE516B7BC6D00944126 /* Base */ = {
			isa = PBXGroup;
			children = (
				670F3FE616B7BCA800944126 /* NSObject+Object.h */,
				670F3FE716B7BCA800944126 /* NSObject+Object.m */,
				670F3FEB16B837B300944126 /* Base.h */,
				6722309116B83D0600500B9C /* Utilities.m */,
				6722309416B83D1A00500B9C /* Utilities.h */,
				6707F75F16C0072C00A1D64B /* Asserts.h */,
				67100EAC16C0E0A900C99803 /* NSObject+Serialization.h */,
				67100EAD16C0E0A900C99803 /* NSObject+Serialization.m */,
			);
			name = Base;
			sourceTree = "<group>";
		};
		671CA66E1702050500548132 /* Services */ = {
			isa = PBXGroup;
			children = (
				671CA66F1702053F00548132 /* UserService.h */,
				671CA6701702053F00548132 /* UserService.m */,
				67D81D2017034E5B006ECFE8 /* QBService.h */,
				67228969170B3DEC00649318 /* BookService.h */,
				6722896A170B3DEC00649318 /* BookService.m */,
				676B6A4C170D44E9004176A2 /* QuoteService.h */,
				676B6A4D170D44E9004176A2 /* QuoteService.m */,
			);
			name = Services;
			sourceTree = "<group>";
		};
		6722309516B83E8C00500B9C /* Manager */ = {
			isa = PBXGroup;
			children = (
				6722309616B83EAD00500B9C /* Manager.h */,
				6722309716B83EAD00500B9C /* Manager.m */,
			);
			name = Manager;
			sourceTree = "<group>";
		};
		672FCD9816B6C8C30032C81A = {
			isa = PBXGroup;
			children = (
				676F8CDF1700920C00004C89 /* Resources */,
				672FCDAD16B6C8C30032C81A /* QB */,
				672FCDCB16B6C8C30032C81A /* QBTests */,
				672FCDA616B6C8C30032C81A /* Frameworks */,
				672FCDA416B6C8C30032C81A /* Products */,
			);
			sourceTree = "<group>";
		};
		672FCDA416B6C8C30032C81A /* Products */ = {
			isa = PBXGroup;
			children = (
				672FCDA316B6C8C30032C81A /* QB.app */,
				672FCDC416B6C8C30032C81A /* QBTests.octest */,
			);
			name = Products;
			sourceTree = "<group>";
		};
		672FCDA616B6C8C30032C81A /* Frameworks */ = {
			isa = PBXGroup;
			children = (
				672FCDA716B6C8C30032C81A /* UIKit.framework */,
				672FCDA916B6C8C30032C81A /* Foundation.framework */,
				672FCDAB16B6C8C30032C81A /* CoreGraphics.framework */,
				672FCDC516B6C8C30032C81A /* SenTestingKit.framework */,
			);
			name = Frameworks;
			sourceTree = "<group>";
		};
		672FCDAD16B6C8C30032C81A /* QB */ = {
			isa = PBXGroup;
			children = (
				670F3FBE16B7A94300944126 /* Code */,
				672FCDAE16B6C8C30032C81A /* Supporting Files */,
			);
			path = QB;
			sourceTree = "<group>";
		};
		672FCDAE16B6C8C30032C81A /* Supporting Files */ = {
			isa = PBXGroup;
			children = (
				672FCDAF16B6C8C30032C81A /* QB-Info.plist */,
				672FCDB016B6C8C30032C81A /* InfoPlist.strings */,
				672FCDB516B6C8C30032C81A /* QB-Prefix.pch */,
				672FCDB916B6C8C30032C81A /* Default.png */,
				672FCDBB16B6C8C30032C81A /* Default@2x.png */,
				672FCDBD16B6C8C30032C81A /* Default-568h@2x.png */,
			);
			name = "Supporting Files";
			sourceTree = "<group>";
		};
		672FCDCB16B6C8C30032C81A /* QBTests */ = {
			isa = PBXGroup;
			children = (
				672FCDD116B6C8C30032C81A /* QBTests.h */,
				672FCDD216B6C8C30032C81A /* QBTests.m */,
				672FCDCC16B6C8C30032C81A /* Supporting Files */,
			);
			path = QBTests;
			sourceTree = "<group>";
		};
		672FCDCC16B6C8C30032C81A /* Supporting Files */ = {
			isa = PBXGroup;
			children = (
				672FCDCD16B6C8C30032C81A /* QBTests-Info.plist */,
				672FCDCE16B6C8C30032C81A /* InfoPlist.strings */,
			);
			name = "Supporting Files";
			sourceTree = "<group>";
		};
		673F99C3170126D800B3A614 /* Offline */ = {
			isa = PBXGroup;
			children = (
				673F99C5170126F300B3A614 /* OfflineManager.h */,
				673F99C6170126F300B3A614 /* OfflineManager.m */,
				6751D7161705F23200570DE6 /* OfflineSupport.h */,
				6751D7171705F23200570DE6 /* OfflineSupport.m */,
			);
			name = Offline;
			sourceTree = "<group>";
		};
		676EFCDC17001C8500FEB73A /* JSON */ = {
			isa = PBXGroup;
			children = (
				676EFCDD17001C8500FEB73A /* JSONKit.h */,
				676EFCDE17001C8500FEB73A /* JSONKit.m */,
			);
			name = JSON;
			path = Core/JSON;
			sourceTree = "<group>";
		};
		676F8CDF1700920C00004C89 /* Resources */ = {
			isa = PBXGroup;
			children = (
				676F8CE01700920C00004C89 /* JSON */,
				676F8CE21700920C00004C89 /* NibImages */,
				676F8CE61700920C00004C89 /* OfflineDatabase */,
			);
			name = Resources;
			path = QB/Resources;
			sourceTree = "<group>";
		};
		676F8CE01700920C00004C89 /* JSON */ = {
			isa = PBXGroup;
			children = (
				676F8CE11700920C00004C89 /* UserManager.json */,
			);
			path = JSON;
			sourceTree = "<group>";
		};
		676F8CE21700920C00004C89 /* NibImages */ = {
			isa = PBXGroup;
			children = (
				676F8CE31700920C00004C89 /* background_01.jpg */,
				676F8CE41700920C00004C89 /* background_02.jpg */,
				676F8CE51700920C00004C89 /* icon_quoteBook.png */,
			);
			path = NibImages;
			sourceTree = "<group>";
		};
		676F8CE61700920C00004C89 /* OfflineDatabase */ = {
			isa = PBXGroup;
			children = (
				676F8CE71700920C00004C89 /* offlineDatabase.json */,
				676F8CE81700920C00004C89 /* offlineDatabaseTemplate.json */,
			);
			path = OfflineDatabase;
			sourceTree = "<group>";
		};
		676F8CF31700945500004C89 /* Book */ = {
			isa = PBXGroup;
			children = (
				676F8CF41700945500004C89 /* BookManager.h */,
				676F8CF51700945500004C89 /* BookManager.m */,
			);
			name = Book;
			path = QB/Managers/Book;
			sourceTree = "<group>";
		};
		676F8CF61700945500004C89 /* Loading */ = {
			isa = PBXGroup;
			children = (
				676F8CF71700945500004C89 /* LoadingManager.h */,
				676F8CF81700945500004C89 /* LoadingManager.m */,
			);
			name = Loading;
			path = QB/Managers/Loading;
			sourceTree = "<group>";
		};
		676F8CFC1700945500004C89 /* Menu */ = {
			isa = PBXGroup;
			children = (
				676F8CFD1700945500004C89 /* MenuManager.h */,
				676F8CFE1700945500004C89 /* MenuManager.m */,
			);
			name = Menu;
			path = QB/Managers/Menu;
			sourceTree = "<group>";
		};
		676F8CFF1700945500004C89 /* Quote */ = {
			isa = PBXGroup;
			children = (
				676F8D001700945500004C89 /* QuoteManager.h */,
				676F8D011700945500004C89 /* QuoteManager.m */,
			);
			name = Quote;
			path = QB/Managers/Quote;
			sourceTree = "<group>";
		};
		676F8D021700945500004C89 /* User */ = {
			isa = PBXGroup;
			children = (
				676F8D031700945500004C89 /* UserManager.h */,
				676F8D041700945500004C89 /* UserManager.m */,
			);
			name = User;
			path = QB/Managers/User;
			sourceTree = "<group>";
		};
		67903B6416D33ED400C634FF /* Objects */ = {
			isa = PBXGroup;
			children = (
				67C424A716D520AD00680C7E /* QBQuote */,
				67903B7E16D3EC5000C634FF /* QBBook */,
				67903B6616D33EDD00C634FF /* QBUser */,
			);
			name = Objects;
			sourceTree = "<group>";
		};
		67903B6616D33EDD00C634FF /* QBUser */ = {
			isa = PBXGroup;
			children = (
				67903B6716D33EF300C634FF /* QBUser.h */,
				67903B6816D33EF300C634FF /* QBUser.m */,
			);
			name = QBUser;
			sourceTree = "<group>";
		};
		67903B7E16D3EC5000C634FF /* QBBook */ = {
			isa = PBXGroup;
			children = (
				67903B7F16D3EC7000C634FF /* QBBook.h */,
				67903B8016D3EC7000C634FF /* QBBook.m */,
			);
			name = QBBook;
			sourceTree = "<group>";
		};
		67C424A716D520AD00680C7E /* QBQuote */ = {
			isa = PBXGroup;
			children = (
				67C424A816D520C200680C7E /* QBQuote.h */,
				67C424A916D520C200680C7E /* QBQuote.m */,
			);
			name = QBQuote;
			sourceTree = "<group>";
		};
		67D81D1B1702CBB9006ECFE8 /* Service */ = {
			isa = PBXGroup;
			children = (
				67D81D1D1702CBD4006ECFE8 /* Service.h */,
				67D81D1E1702CBD4006ECFE8 /* Service.m */,
			);
			name = Service;
			sourceTree = "<group>";
		};
		67DDD4AF16E33D820014AB47 /* ConfirmAction */ = {
			isa = PBXGroup;
			children = (
				67DDD4B016E33D820014AB47 /* ConfirmActionView.h */,
				67DDD4B116E33D820014AB47 /* ConfirmActionView.m */,
				67DDD4B216E33D820014AB47 /* ConfirmActionView.xib */,
			);
			name = ConfirmAction;
			path = QB/UI/ConfirmAction;
			sourceTree = "<group>";
		};
		67FEEBE516CC0DA90091EEDE /* TitleBar */ = {
			isa = PBXGroup;
			children = (
				67DDD4AA16E33D5C0014AB47 /* TitleBarView.h */,
				67DDD4AB16E33D5C0014AB47 /* TitleBarView.m */,
				67DDD4AC16E33D5C0014AB47 /* TitleBarView.xib */,
			);
			name = TitleBar;
			sourceTree = "<group>";
		};
		67FEEBE616CC0DC30091EEDE /* Background */ = {
			isa = PBXGroup;
			children = (
				67FEEBE816CC0E0F0091EEDE /* BackgroundView.h */,
				67FEEBE916CC0E0F0091EEDE /* BackgroundView.m */,
				67FEEBEA16CC0E0F0091EEDE /* BackgroundView.xib */,
			);
			name = Background;
			sourceTree = "<group>";
		};
		67FEEBE716CC0DD10091EEDE /* Content */ = {
			isa = PBXGroup;
			children = (
				67DA3BA116D276D700F0D0F2 /* ContentView.h */,
				67DA3BA216D276D700F0D0F2 /* ContentView.m */,
				67DA3BA316D276D700F0D0F2 /* ContentView.xib */,
				67C4252B16D68B9100680C7E /* ContentItem_button.h */,
				67C4252C16D68B9100680C7E /* ContentItem_button.m */,
				67C4252D16D68B9200680C7E /* ContentItem_button.xib */,
				676A444116D9F30000EB63D5 /* ContentItem_label.h */,
				676A444216D9F30000EB63D5 /* ContentItem_label.m */,
				676A444316D9F30100EB63D5 /* ContentItem_label.xib */,
				676A444716DA01C400EB63D5 /* ContentViewConfig.h */,
				676A444816DA01C400EB63D5 /* ContentViewConfig.m */,
				676A444A16DAC1E500EB63D5 /* ContentItem_textField.h */,
				676A444B16DAC1E500EB63D5 /* ContentItem_textField.m */,
				676A444C16DAC1E600EB63D5 /* ContentItem_textField.xib */,
				672D81B916DC85DC00771EBA /* ContentItem_spacer.h */,
				672D81BA16DC85DD00771EBA /* ContentItem_spacer.m */,
				672D81BB16DC85DE00771EBA /* ContentItem_spacer.xib */,
			);
			name = Content;
			sourceTree = "<group>";
		};
/* End PBXGroup section */

/* Begin PBXNativeTarget section */
		672FCDA216B6C8C30032C81A /* QB */ = {
			isa = PBXNativeTarget;
			buildConfigurationList = 672FCDD616B6C8C30032C81A /* Build configuration list for PBXNativeTarget "QB" */;
			buildPhases = (
				672FCD9F16B6C8C30032C81A /* Sources */,
				672FCDA016B6C8C30032C81A /* Frameworks */,
				672FCDA116B6C8C30032C81A /* Resources */,
			);
			buildRules = (
			);
			dependencies = (
			);
			name = QB;
			productName = QB;
			productReference = 672FCDA316B6C8C30032C81A /* QB.app */;
			productType = "com.apple.product-type.application";
		};
		672FCDC316B6C8C30032C81A /* QBTests */ = {
			isa = PBXNativeTarget;
			buildConfigurationList = 672FCDD916B6C8C30032C81A /* Build configuration list for PBXNativeTarget "QBTests" */;
			buildPhases = (
				672FCDBF16B6C8C30032C81A /* Sources */,
				672FCDC016B6C8C30032C81A /* Frameworks */,
				672FCDC116B6C8C30032C81A /* Resources */,
				672FCDC216B6C8C30032C81A /* ShellScript */,
			);
			buildRules = (
			);
			dependencies = (
				672FCDCA16B6C8C30032C81A /* PBXTargetDependency */,
			);
			name = QBTests;
			productName = QBTests;
			productReference = 672FCDC416B6C8C30032C81A /* QBTests.octest */;
			productType = "com.apple.product-type.bundle";
		};
/* End PBXNativeTarget section */

/* Begin PBXProject section */
		672FCD9A16B6C8C30032C81A /* Project object */ = {
			isa = PBXProject;
			attributes = {
				CLASSPREFIX = Test;
				LastUpgradeCheck = 0450;
				ORGANIZATIONNAME = "Caleb Fisher";
			};
			buildConfigurationList = 672FCD9D16B6C8C30032C81A /* Build configuration list for PBXProject "QB" */;
			compatibilityVersion = "Xcode 3.2";
			developmentRegion = English;
			hasScannedForEncodings = 0;
			knownRegions = (
				en,
			);
			mainGroup = 672FCD9816B6C8C30032C81A;
			productRefGroup = 672FCDA416B6C8C30032C81A /* Products */;
			projectDirPath = "";
			projectRoot = "";
			targets = (
				672FCDA216B6C8C30032C81A /* QB */,
				672FCDC316B6C8C30032C81A /* QBTests */,
			);
		};
/* End PBXProject section */

/* Begin PBXResourcesBuildPhase section */
		672FCDA116B6C8C30032C81A /* Resources */ = {
			isa = PBXResourcesBuildPhase;
			buildActionMask = 2147483647;
			files = (
				672FCDB216B6C8C30032C81A /* InfoPlist.strings in Resources */,
				672FCDBA16B6C8C30032C81A /* Default.png in Resources */,
				672FCDBC16B6C8C30032C81A /* Default@2x.png in Resources */,
				672FCDBE16B6C8C30032C81A /* Default-568h@2x.png in Resources */,
				6707F75B16C005C400A1D64B /* QBViewDirector.xib in Resources */,
				674EA0BD16C24159009404F0 /* MainWindow.xib in Resources */,
				67FEEBEC16CC0E0F0091EEDE /* BackgroundView.xib in Resources */,
				67DA3BA516D276D700F0D0F2 /* ContentView.xib in Resources */,
				67C4252F16D68B9200680C7E /* ContentItem_button.xib in Resources */,
				676A444516D9F30100EB63D5 /* ContentItem_label.xib in Resources */,
				676A444E16DAC1E600EB63D5 /* ContentItem_textField.xib in Resources */,
				672D81BD16DC85DE00771EBA /* ContentItem_spacer.xib in Resources */,
				67DDD4AE16E33D5C0014AB47 /* TitleBarView.xib in Resources */,
				67DDD4B416E33D820014AB47 /* ConfirmActionView.xib in Resources */,
				676F8CE91700920C00004C89 /* UserManager.json in Resources */,
				676F8CEA1700920C00004C89 /* background_01.jpg in Resources */,
				676F8CEB1700920C00004C89 /* background_02.jpg in Resources */,
				676F8CEC1700920C00004C89 /* icon_quoteBook.png in Resources */,
				676F8CED1700920C00004C89 /* offlineDatabase.json in Resources */,
				676F8CEE1700920C00004C89 /* offlineDatabaseTemplate.json in Resources */,
			);
			runOnlyForDeploymentPostprocessing = 0;
		};
		672FCDC116B6C8C30032C81A /* Resources */ = {
			isa = PBXResourcesBuildPhase;
			buildActionMask = 2147483647;
			files = (
				672FCDD016B6C8C30032C81A /* InfoPlist.strings in Resources */,
			);
			runOnlyForDeploymentPostprocessing = 0;
		};
/* End PBXResourcesBuildPhase section */

/* Begin PBXShellScriptBuildPhase section */
		672FCDC216B6C8C30032C81A /* ShellScript */ = {
			isa = PBXShellScriptBuildPhase;
			buildActionMask = 2147483647;
			files = (
			);
			inputPaths = (
			);
			outputPaths = (
			);
			runOnlyForDeploymentPostprocessing = 0;
			shellPath = /bin/sh;
			shellScript = "# Run the unit tests in this test bundle.\n\"${SYSTEM_DEVELOPER_DIR}/Tools/RunUnitTests\"\n";
		};
/* End PBXShellScriptBuildPhase section */

/* Begin PBXSourcesBuildPhase section */
		672FCD9F16B6C8C30032C81A /* Sources */ = {
			isa = PBXSourcesBuildPhase;
			buildActionMask = 2147483647;
			files = (
				672FCDB416B6C8C30032C81A /* main.m in Sources */,
				670F3FD116B7AAD900944126 /* AppDirector.m in Sources */,
				670F3FE116B7ACA400944126 /* ViewLayer.m in Sources */,
				670F3FE416B7AE4000944126 /* ManagedView.m in Sources */,
				670F3FE816B7BCA800944126 /* NSObject+Object.m in Sources */,
				6722309216B83D0600500B9C /* Utilities.m in Sources */,
				6722309816B83EAD00500B9C /* Manager.m in Sources */,
				6707F75916C005C400A1D64B /* QBAppDelegate.m in Sources */,
				6707F75A16C005C400A1D64B /* QBViewDirector.m in Sources */,
				6707F75E16C005F800A1D64B /* ViewManager.m in Sources */,
				67100EAE16C0E0A900C99803 /* NSObject+Serialization.m in Sources */,
				67FEEB8E16CA13750091EEDE /* PassthroughView.m in Sources */,
				67FEEBEB16CC0E0F0091EEDE /* BackgroundView.m in Sources */,
				67DA3BA416D276D700F0D0F2 /* ContentView.m in Sources */,
				67903B6916D33EF300C634FF /* QBUser.m in Sources */,
				67903B8116D3EC7000C634FF /* QBBook.m in Sources */,
				67C424AA16D520C200680C7E /* QBQuote.m in Sources */,
				67C4252916D600F100680C7E /* ManagedScrollView.m in Sources */,
				67C4252E16D68B9200680C7E /* ContentItem_button.m in Sources */,
				676A444416D9F30100EB63D5 /* ContentItem_label.m in Sources */,
				676A444916DA01C500EB63D5 /* ContentViewConfig.m in Sources */,
				676A444D16DAC1E600EB63D5 /* ContentItem_textField.m in Sources */,
				672D81BC16DC85DE00771EBA /* ContentItem_spacer.m in Sources */,
				67DDD4AD16E33D5C0014AB47 /* TitleBarView.m in Sources */,
				67DDD4B316E33D820014AB47 /* ConfirmActionView.m in Sources */,
				676EFCDB17001C7700FEB73A /* ResourceManager.m in Sources */,
				676EFCDF17001C8500FEB73A /* JSONKit.m in Sources */,
				676F8D051700945500004C89 /* BookManager.m in Sources */,
				676F8D061700945500004C89 /* LoadingManager.m in Sources */,
				676F8D081700945500004C89 /* MenuManager.m in Sources */,
				676F8D091700945500004C89 /* QuoteManager.m in Sources */,
				676F8D0A1700945500004C89 /* UserManager.m in Sources */,
				673F99C7170126F300B3A614 /* OfflineManager.m in Sources */,
				671CA6711702053F00548132 /* UserService.m in Sources */,
				67D81D1F1702CBD4006ECFE8 /* Service.m in Sources */,
				6751D7181705F23300570DE6 /* OfflineSupport.m in Sources */,
				6722896B170B3DEC00649318 /* BookService.m in Sources */,
				676B6A4E170D44E9004176A2 /* QuoteService.m in Sources */,
			);
			runOnlyForDeploymentPostprocessing = 0;
		};
		672FCDBF16B6C8C30032C81A /* Sources */ = {
			isa = PBXSourcesBuildPhase;
			buildActionMask = 2147483647;
			files = (
				672FCDD316B6C8C30032C81A /* QBTests.m in Sources */,
			);
			runOnlyForDeploymentPostprocessing = 0;
		};
/* End PBXSourcesBuildPhase section */

/* Begin PBXTargetDependency section */
		672FCDCA16B6C8C30032C81A /* PBXTargetDependency */ = {
			isa = PBXTargetDependency;
			target = 672FCDA216B6C8C30032C81A /* QB */;
			targetProxy = 672FCDC916B6C8C30032C81A /* PBXContainerItemProxy */;
		};
/* End PBXTargetDependency section */

/* Begin PBXVariantGroup section */
		672FCDB016B6C8C30032C81A /* InfoPlist.strings */ = {
			isa = PBXVariantGroup;
			children = (
				672FCDB116B6C8C30032C81A /* en */,
			);
			name = InfoPlist.strings;
			sourceTree = "<group>";
		};
		672FCDCE16B6C8C30032C81A /* InfoPlist.strings */ = {
			isa = PBXVariantGroup;
			children = (
				672FCDCF16B6C8C30032C81A /* en */,
			);
			name = InfoPlist.strings;
			sourceTree = "<group>";
		};
/* End PBXVariantGroup section */

/* Begin XCBuildConfiguration section */
		672FCDD416B6C8C30032C81A /* Debug */ = {
			isa = XCBuildConfiguration;
			buildSettings = {
				ALWAYS_SEARCH_USER_PATHS = NO;
				CLANG_CXX_LANGUAGE_STANDARD = "gnu++0x";
				CLANG_CXX_LIBRARY = "libc++";
				CLANG_ENABLE_OBJC_ARC = NO;
				CLANG_WARN_EMPTY_BODY = YES;
				CLANG_WARN__DUPLICATE_METHOD_MATCH = YES;
				"CODE_SIGN_IDENTITY[sdk=iphoneos*]" = "iPhone Developer";
				COPY_PHASE_STRIP = NO;
				GCC_C_LANGUAGE_STANDARD = gnu99;
				GCC_DYNAMIC_NO_PIC = NO;
				GCC_OPTIMIZATION_LEVEL = 0;
				GCC_PREPROCESSOR_DEFINITIONS = (
					"DEBUG=1",
					"$(inherited)",
				);
				GCC_SYMBOLS_PRIVATE_EXTERN = NO;
				GCC_WARN_ABOUT_RETURN_TYPE = YES;
				GCC_WARN_UNINITIALIZED_AUTOS = YES;
				GCC_WARN_UNUSED_VARIABLE = YES;
				IPHONEOS_DEPLOYMENT_TARGET = 6.0;
				ONLY_ACTIVE_ARCH = YES;
				SDKROOT = iphoneos;
				TARGETED_DEVICE_FAMILY = "1,2";
			};
			name = Debug;
		};
		672FCDD516B6C8C30032C81A /* Release */ = {
			isa = XCBuildConfiguration;
			buildSettings = {
				ALWAYS_SEARCH_USER_PATHS = NO;
				CLANG_CXX_LANGUAGE_STANDARD = "gnu++0x";
				CLANG_CXX_LIBRARY = "libc++";
				CLANG_ENABLE_OBJC_ARC = NO;
				CLANG_WARN_EMPTY_BODY = YES;
				CLANG_WARN__DUPLICATE_METHOD_MATCH = YES;
				"CODE_SIGN_IDENTITY[sdk=iphoneos*]" = "iPhone Developer";
				COPY_PHASE_STRIP = YES;
				GCC_C_LANGUAGE_STANDARD = gnu99;
				GCC_WARN_ABOUT_RETURN_TYPE = YES;
				GCC_WARN_UNINITIALIZED_AUTOS = YES;
				GCC_WARN_UNUSED_VARIABLE = YES;
				IPHONEOS_DEPLOYMENT_TARGET = 6.0;
				OTHER_CFLAGS = "-DNS_BLOCK_ASSERTIONS=1";
				SDKROOT = iphoneos;
				TARGETED_DEVICE_FAMILY = "1,2";
				VALIDATE_PRODUCT = YES;
			};
			name = Release;
		};
		672FCDD716B6C8C30032C81A /* Debug */ = {
			isa = XCBuildConfiguration;
			buildSettings = {
				CLANG_ENABLE_OBJC_ARC = NO;
				GCC_PRECOMPILE_PREFIX_HEADER = YES;
				GCC_PREFIX_HEADER = "QB/QB-Prefix.pch";
				GCC_TREAT_WARNINGS_AS_ERRORS = YES;
				INFOPLIST_FILE = "QB/QB-Info.plist";
				PRODUCT_NAME = "$(TARGET_NAME)";
				WRAPPER_EXTENSION = app;
			};
			name = Debug;
		};
		672FCDD816B6C8C30032C81A /* Release */ = {
			isa = XCBuildConfiguration;
			buildSettings = {
				CLANG_ENABLE_OBJC_ARC = NO;
				GCC_PRECOMPILE_PREFIX_HEADER = YES;
				GCC_PREFIX_HEADER = "QB/QB-Prefix.pch";
				GCC_TREAT_WARNINGS_AS_ERRORS = YES;
				INFOPLIST_FILE = "QB/QB-Info.plist";
				PRODUCT_NAME = "$(TARGET_NAME)";
				WRAPPER_EXTENSION = app;
			};
			name = Release;
		};
		672FCDDA16B6C8C30032C81A /* Debug */ = {
			isa = XCBuildConfiguration;
			buildSettings = {
				BUNDLE_LOADER = "$(BUILT_PRODUCTS_DIR)/QB.app/QB";
				FRAMEWORK_SEARCH_PATHS = (
					"\"$(SDKROOT)/Developer/Library/Frameworks\"",
					"\"$(DEVELOPER_LIBRARY_DIR)/Frameworks\"",
				);
				GCC_PRECOMPILE_PREFIX_HEADER = YES;
				GCC_PREFIX_HEADER = "QB/QB-Prefix.pch";
				INFOPLIST_FILE = "QBTests/QBTests-Info.plist";
				PRODUCT_NAME = "$(TARGET_NAME)";
				TEST_HOST = "$(BUNDLE_LOADER)";
				WRAPPER_EXTENSION = octest;
			};
			name = Debug;
		};
		672FCDDB16B6C8C30032C81A /* Release */ = {
			isa = XCBuildConfiguration;
			buildSettings = {
				BUNDLE_LOADER = "$(BUILT_PRODUCTS_DIR)/QB.app/QB";
				FRAMEWORK_SEARCH_PATHS = (
					"\"$(SDKROOT)/Developer/Library/Frameworks\"",
					"\"$(DEVELOPER_LIBRARY_DIR)/Frameworks\"",
				);
				GCC_PRECOMPILE_PREFIX_HEADER = YES;
				GCC_PREFIX_HEADER = "QB/QB-Prefix.pch";
				INFOPLIST_FILE = "QBTests/QBTests-Info.plist";
				PRODUCT_NAME = "$(TARGET_NAME)";
				TEST_HOST = "$(BUNDLE_LOADER)";
				WRAPPER_EXTENSION = octest;
			};
			name = Release;
		};
/* End XCBuildConfiguration section */

/* Begin XCConfigurationList section */
		672FCD9D16B6C8C30032C81A /* Build configuration list for PBXProject "QB" */ = {
			isa = XCConfigurationList;
			buildConfigurations = (
				672FCDD416B6C8C30032C81A /* Debug */,
				672FCDD516B6C8C30032C81A /* Release */,
			);
			defaultConfigurationIsVisible = 0;
			defaultConfigurationName = Release;
		};
		672FCDD616B6C8C30032C81A /* Build configuration list for PBXNativeTarget "QB" */ = {
			isa = XCConfigurationList;
			buildConfigurations = (
				672FCDD716B6C8C30032C81A /* Debug */,
				672FCDD816B6C8C30032C81A /* Release */,
			);
			defaultConfigurationIsVisible = 0;
			defaultConfigurationName = Release;
		};
		672FCDD916B6C8C30032C81A /* Build configuration list for PBXNativeTarget "QBTests" */ = {
			isa = XCConfigurationList;
			buildConfigurations = (
				672FCDDA16B6C8C30032C81A /* Debug */,
				672FCDDB16B6C8C30032C81A /* Release */,
			);
			defaultConfigurationIsVisible = 0;
			defaultConfigurationName = Release;
		};
/* End XCConfigurationList section */
	};
	rootObject = 672FCD9A16B6C8C30032C81A /* Project object */;
}
